version = 1
revision = 3
requires-python = ">=3.13"

[[package]]
name = "new-pdf"
version = "0.1.0"
source = { virtual = "." }
dependencies = [
    { name = "pypdf" },
]

[package.metadata]
requires-dist = [{ name = "pypdf", specifier = ">=6.13.2" }]

[[package]]
name = "pypdf"
version = "6.13.2"
source = { registry = "https://pypi.org/simple" }
sdist = { url = "https://files.pythonhosted.org/packages/99/0a/48fe05c6bb3aa4bb4d2a4079a383d33c0dfec1edf613a642f07d8b8b5c2e/pypdf-6.13.2.tar.gz", hash = "sha256:5a96a17dbdfbf9c2ab24c0a13fa0aba182be22ba6f283098712c16fc242f509f", size = 6479250, upload-time = "2026-06-10T16:42:34.5Z" }
wheels = [
    { url = "https://files.pythonhosted.org/packages/cb/17/378943705992f74e451a06de3401ce68e3213763c81e44d0614559c45599/pypdf-6.13.2-py3-none-any.whl", hash = "sha256:6eeb9e57693f29d41bd01255d02660cbbb41fd7fc818a982677389a35e4f2083", size = 346555, upload-time = "2026-06-10T16:42:32.37Z" },
]
